<?xml version="1.0" encoding="utf-8"?>
<Project ToolsVersion="4.0" xmlns="http://schemas.microsoft.com/developer/msbuild/2003">
  <ItemGroup>
    <Filter Include="Source Files">
      <UniqueIdentifier>{4FC737F1-C7A5-4376-A066-2A32D752A2FF}</UniqueIdentifier>
      <Extensions>cpp;c;cc;cxx;c++;cppm;ixx;def;odl;idl;hpj;bat;asm;asmx</Extensions>
    </Filter>
    <Filter Include="Header Files">
      <UniqueIdentifier>{93995380-89BD-4b04-88EB-625FBE52EBFB}</UniqueIdentifier>
      <Extensions>h;hh;hpp;hxx;h++;hm;inl;inc;ipp;xsd</Extensions>
    </Filter>
    <Filter Include="Resource Files">
      <UniqueIdentifier>{67DA6AB6-F800-4c08-8B7A-83BB121AAD01}</UniqueIdentifier>
      <Extensions>rc;ico;cur;bmp;dlg;rc2;rct;bin;rgs;gif;jpg;jpeg;jpe;resx;tiff;tif;png;wav;mfcribbon-ms</Extensions>
    </Filter>
    <Filter Include="Header Files\date">
      <UniqueIdentifier>{d96f52a0-6d96-4916-b1f5-813e775270f9}</UniqueIdentifier>
    </Filter>
    <Filter Include="Header Files\math">
      <UniqueIdentifier>{e58e15ab-c10c-49cd-af19-b8548c377563}</UniqueIdentifier>
    </Filter>
    <Filter Include="Header Files\instrument">
      <UniqueIdentifier>{ce53d8a7-590a-4f92-9f96-a455873afaaa}</UniqueIdentifier>
    </Filter>
    <Filter Include="Header Files\valuation">
      <UniqueIdentifier>{1d3a3eca-9d3f-4b6d-93c0-12010826c55e}</UniqueIdentifier>
    </Filter>
    <Filter Include="Header Files\variate">
      <UniqueIdentifier>{9b2ca28a-d989-46ab-96c8-ede0083e1147}</UniqueIdentifier>
    </Filter>
    <Filter Include="Header Files\curve">
      <UniqueIdentifier>{e1cb9bf2-47ae-4ac6-981b-c8736ef9f5e8}</UniqueIdentifier>
    </Filter>
    <Filter Include="Header Files\security">
      <UniqueIdentifier>{210e1135-2edd-446f-94e9-43b1ef4dc5c6}</UniqueIdentifier>
    </Filter>
  </ItemGroup>
  <ItemGroup>
    <ClCompile Include="bondlib.t.cpp">
      <Filter>Source Files</Filter>
    </ClCompile>
  </ItemGroup>
  <ItemGroup>
    <None Include="README.md" />
  </ItemGroup>
  <ItemGroup>
    <ClInclude Include="date\tmx_date.h">
      <Filter>Header Files\date</Filter>
    </ClInclude>
    <ClInclude Include="date\tmx_date_business_day.h">
      <Filter>Header Files\date</Filter>
    </ClInclude>
    <ClInclude Include="date\tmx_date_day_count.h">
      <Filter>Header Files\date</Filter>
    </ClInclude>
    <ClInclude Include="date\tmx_date_holiday.h">
      <Filter>Header Files\date</Filter>
    </ClInclude>
    <ClInclude Include="date\tmx_date_holiday_calendar.h">
      <Filter>Header Files\date</Filter>
    </ClInclude>
    <ClInclude Include="math\tmx_math.h">
      <Filter>Header Files\math</Filter>
    </ClInclude>
    <ClInclude Include="math\tmx_math_hypergeometric.h">
      <Filter>Header Files\math</Filter>
    </ClInclude>
    <ClInclude Include="math\tmx_math_limits.h">
      <Filter>Header Files\math</Filter>
    </ClInclude>
    <ClInclude Include="math\tmx_root1d.h">
      <Filter>Header Files\math</Filter>
    </ClInclude>
    <ClInclude Include="math\tmx_dual.h">
      <Filter>Header Files\math</Filter>
    </ClInclude>
    <ClInclude Include="instrument\tmx_instrument.h">
      <Filter>Header Files\instrument</Filter>
    </ClInclude>
    <ClInclude Include="valuation\tmx_option.h">
      <Filter>Header Files\valuation</Filter>
    </ClInclude>
    <ClInclude Include="valuation\tmx_valuation.h">
      <Filter>Header Files\valuation</Filter>
    </ClInclude>
    <ClInclude Include="variate\tmx_variate.h">
      <Filter>Header Files\variate</Filter>
    </ClInclude>
    <ClInclude Include="variate\tmx_variate_normal.h">
      <Filter>Header Files\variate</Filter>
    </ClInclude>
    <ClInclude Include="curve\tmx_curve_bootstrap.h">
      <Filter>Header Files\curve</Filter>
    </ClInclude>
    <ClInclude Include="curve\tmx_curve.h">
      <Filter>Header Files\curve</Filter>
    </ClInclude>
    <ClInclude Include="curve\tmx_curve_pwflat.h">
      <Filter>Header Files\curve</Filter>
    </ClInclude>
    <ClInclude Include="curve\tmx_pwflat.h">
      <Filter>Header Files\curve</Filter>
    </ClInclude>
    <ClInclude Include="date\tmx_date_periodic.h">
      <Filter>Header Files\date</Filter>
    </ClInclude>
    <ClInclude Include="ensure.h">
      <Filter>Header Files</Filter>
    </ClInclude>
    <ClInclude Include="security\tmx_bond.h">
      <Filter>Header Files\security</Filter>
    </ClInclude>
    <ClInclude Include="security\tmx_treasury.h">
      <Filter>Header Files\security</Filter>
    </ClInclude>
  </ItemGroup>
</Project>