
Microsoft Visual Studio Solution File, Format Version 12.00
# Visual Studio Version 17
VisualStudioVersion = 17.6.33712.159
MinimumVisualStudioVersion = 10.0.40219.1
Project("{8BC9CEB8-8B4A-11D0-8D11-00A0C91BC942}") = "bondlib", "bondlib.vcxproj", "{E3EC9686-83A5-400F-B10E-A398005BCEFD}"
EndProject
Project("{2150E333-8FDC-42A3-9474-1A3956D46DE8}") = "docs", "docs", "{3DB20384-3BDF-4DF0-932D-377C9F975DCC}"
	ProjectSection(SolutionItems) = preProject
		..\docs\2006-isda-definitions.pdf = ..\docs\2006-isda-definitions.pdf
		..\docs\ICMA-PMH-Appendix-A5-March-2022.pdf = ..\docs\ICMA-PMH-Appendix-A5-March-2022.pdf
		..\docs\ICMA-Rule-Book-Rule-251-reproduced-by-permission-of-ICMA.pdf = ..\docs\ICMA-Rule-Book-Rule-251-reproduced-by-permission-of-ICMA.pdf
	EndProjectSection
EndProject
Project("{8BC9CEB8-8B4A-11D0-8D11-00A0C91BC942}") = "bondxll", "..\bondxll\bondxll.vcxproj", "{273EAF3B-C799-40DF-ADC5-C29C3FD69171}"
EndProject
Project("{8BC9CEB8-8B4A-11D0-8D11-00A0C91BC942}") = "xll", "..\bondxll\xll\xll.vcxproj", "{367249BB-B8A3-4671-B095-A5DB904DBD6D}"
EndProject
Project("{54435603-DBB4-11D2-8724-00A0C9A8B90C}") = "setup", "..\setup\setup.vdproj", "{6DE309FE-9DA4-4B1C-B871-2BE1D8622462}"
EndProject
Global
	GlobalSection(SolutionConfigurationPlatforms) = preSolution
		Debug|x64 = Debug|x64
		Debug|x86 = Debug|x86
		Release|x64 = Release|x64
		Release|x86 = Release|x86
	EndGlobalSection
	GlobalSection(ProjectConfigurationPlatforms) = postSolution
		{E3EC9686-83A5-400F-B10E-A398005BCEFD}.Debug|x64.ActiveCfg = Debug|x64
		{E3EC9686-83A5-400F-B10E-A398005BCEFD}.Debug|x64.Build.0 = Debug|x64
		{E3EC9686-83A5-400F-B10E-A398005BCEFD}.Debug|x86.ActiveCfg = Debug|Win32
		{E3EC9686-83A5-400F-B10E-A398005BCEFD}.Debug|x86.Build.0 = Debug|Win32
		{E3EC9686-83A5-400F-B10E-A398005BCEFD}.Release|x64.ActiveCfg = Release|x64
		{E3EC9686-83A5-400F-B10E-A398005BCEFD}.Release|x64.Build.0 = Release|x64
		{E3EC9686-83A5-400F-B10E-A398005BCEFD}.Release|x86.ActiveCfg = Release|Win32
		{E3EC9686-83A5-400F-B10E-A398005BCEFD}.Release|x86.Build.0 = Release|Win32
		{273EAF3B-C799-40DF-ADC5-C29C3FD69171}.Debug|x64.ActiveCfg = Debug|x64
		{273EAF3B-C799-40DF-ADC5-C29C3FD69171}.Debug|x64.Build.0 = Debug|x64
		{273EAF3B-C799-40DF-ADC5-C29C3FD69171}.Debug|x86.ActiveCfg = Debug|Win32
		{273EAF3B-C799-40DF-ADC5-C29C3FD69171}.Debug|x86.Build.0 = Debug|Win32
		{273EAF3B-C799-40DF-ADC5-C29C3FD69171}.Release|x64.ActiveCfg = Release|x64
		{273EAF3B-C799-40DF-ADC5-C29C3FD69171}.Release|x64.Build.0 = Release|x64
		{273EAF3B-C799-40DF-ADC5-C29C3FD69171}.Release|x86.ActiveCfg = Release|Win32
		{273EAF3B-C799-40DF-ADC5-C29C3FD69171}.Release|x86.Build.0 = Release|Win32
		{367249BB-B8A3-4671-B095-A5DB904DBD6D}.Debug|x64.ActiveCfg = Debug|x64
		{367249BB-B8A3-4671-B095-A5DB904DBD6D}.Debug|x64.Build.0 = Debug|x64
		{367249BB-B8A3-4671-B095-A5DB904DBD6D}.Debug|x86.ActiveCfg = Debug|Win32
		{367249BB-B8A3-4671-B095-A5DB904DBD6D}.Debug|x86.Build.0 = Debug|Win32
		{367249BB-B8A3-4671-B095-A5DB904DBD6D}.Release|x64.ActiveCfg = Release|x64
		{367249BB-B8A3-4671-B095-A5DB904DBD6D}.Release|x64.Build.0 = Release|x64
		{367249BB-B8A3-4671-B095-A5DB904DBD6D}.Release|x86.ActiveCfg = Release|Win32
		{367249BB-B8A3-4671-B095-A5DB904DBD6D}.Release|x86.Build.0 = Release|Win32
		{6DE309FE-9DA4-4B1C-B871-2BE1D8622462}.Debug|x64.ActiveCfg = Debug
		{6DE309FE-9DA4-4B1C-B871-2BE1D8622462}.Debug|x86.ActiveCfg = Debug
		{6DE309FE-9DA4-4B1C-B871-2BE1D8622462}.Release|x64.ActiveCfg = Release
		{6DE309FE-9DA4-4B1C-B871-2BE1D8622462}.Release|x86.ActiveCfg = Release
	EndGlobalSection
	GlobalSection(SolutionProperties) = preSolution
		HideSolutionNode = FALSE
	EndGlobalSection
	GlobalSection(ExtensibilityGlobals) = postSolution
		SolutionGuid = {2422D269-A64B-4B1F-A3A5-1A144FC3FE3B}
	EndGlobalSection
EndGlobal
